<Solution>
  <Folder Name="/src/">
    <Project Path="src/QueueLoom.App/QueueLoom.App.csproj" />
    <Project Path="src/QueueLoom.Core/QueueLoom.Core.csproj" />
    <Project Path="src/QueueLoom.Launcher/QueueLoom.Launcher.csproj" />
    <Project Path="src/QueueLoom.Infrastructure/QueueLoom.Infrastructure.csproj" />
    <Project Path="src/QueueLoom.Mcp/QueueLoom.Mcp.csproj" />
  </Folder>
  <Folder Name="/tests/">
    <Project Path="tests/QueueLoom.IntegrationTests/QueueLoom.IntegrationTests.csproj" />
    <Project Path="tests/QueueLoom.Tests/QueueLoom.Tests.csproj" />
    <Project Path="tests/QueueLoom.UiTests/QueueLoom.UiTests.csproj" />
    <Project Path="tests/QueueLoom.UpdateFixture/QueueLoom.UpdateFixture.csproj" />
  </Folder>
</Solution>
